lockfileVersion: '9.0'

settings:
  autoInstallPeers: true
  excludeLinksFromLockfile: false

importers:

  .:
    dependencies:
      '@google/generative-ai':
        specifier: ^0.21.0
        version: 0.21.0
      dotenv:
        specifier: ^16.4.5
        version: 16.4.5
      tgkit:
        specifier: ^0.1.2
        version: 0.1.2

packages:

  '@google/generative-ai@0.21.0':
    resolution: {integrity: sha512-7XhUbtnlkSEZK15kN3t+tzIMxsbKm/dSkKBFalj+20NvPKe1kBY7mR2P7vuijEn+f06z5+A8bVGKO0v39cr6Wg==}
    engines: {node: '>=18.0.0'}

  dotenv@16.4.5:
    resolution: {integrity: sha512-ZmdL2rui+eB2YwhsWzjInR8LldtZHGDoQ1ugH85ppHKwpUHL7j7rN0Ti9NCnGiQbhaZ11FpR+7ao1dNsmduNUg==}
    engines: {node: '>=12'}

  tgkit@0.1.2:
    resolution: {integrity: sha512-dHK+Neg1K5ZoXAX5CLA9IrnEvdyDyISOxGZf+oSylylcCWine0bb56YBG9ulSHQMnnO1/ncBuNwUcHccyAOm2Q==}

snapshots:

  '@google/generative-ai@0.21.0': {}

  dotenv@16.4.5: {}

  tgkit@0.1.2: {}
